
Microsoft Visual Studio Solution File, Format Version 12.00
# Visual Studio Version 16
VisualStudioVersion = 16.0.30517.126
MinimumVisualStudioVersion = 10.0.40219.1
Project("{9A19103F-16F7-4668-BE54-9A1E7A4F7556}") = "DemoEF_01", "DemoEF_01\DemoEF_01.csproj", "{92503CE3-93DC-457F-B33F-8AA95159D56F}"
EndProject
Project("{00D1A9C2-B5F0-4AF3-8072-F6C62B433612}") = "trouble-ticket", "trouble-ticket\trouble-ticket.sqlproj", "{D761479B-1B79-4DB2-9AF3-E680C5D02131}"
EndProject
Global
	GlobalSection(SolutionConfigurationPlatforms) = preSolution
		Debug|Any CPU = Debug|Any CPU
		Release|Any CPU = Release|Any CPU
	EndGlobalSection
	GlobalSection(ProjectConfigurationPlatforms) = postSolution
		{92503CE3-93DC-457F-B33F-8AA95159D56F}.Debug|Any CPU.ActiveCfg = Debug|Any CPU
		{92503CE3-93DC-457F-B33F-8AA95159D56F}.Debug|Any CPU.Build.0 = Debug|Any CPU
		{92503CE3-93DC-457F-B33F-8AA95159D56F}.Release|Any CPU.ActiveCfg = Release|Any CPU
		{92503CE3-93DC-457F-B33F-8AA95159D56F}.Release|Any CPU.Build.0 = Release|Any CPU
		{D761479B-1B79-4DB2-9AF3-E680C5D02131}.Debug|Any CPU.ActiveCfg = Debug|Any CPU
		{D761479B-1B79-4DB2-9AF3-E680C5D02131}.Debug|Any CPU.Build.0 = Debug|Any CPU
		{D761479B-1B79-4DB2-9AF3-E680C5D02131}.Debug|Any CPU.Deploy.0 = Debug|Any CPU
		{D761479B-1B79-4DB2-9AF3-E680C5D02131}.Release|Any CPU.ActiveCfg = Release|Any CPU
		{D761479B-1B79-4DB2-9AF3-E680C5D02131}.Release|Any CPU.Build.0 = Release|Any CPU
		{D761479B-1B79-4DB2-9AF3-E680C5D02131}.Release|Any CPU.Deploy.0 = Release|Any CPU
	EndGlobalSection
	GlobalSection(SolutionProperties) = preSolution
		HideSolutionNode = FALSE
	EndGlobalSection
	GlobalSection(ExtensibilityGlobals) = postSolution
		SolutionGuid = {F1225B88-14CF-4D9F-99A8-84A16CCC8EEA}
	EndGlobalSection
EndGlobal
